
Microsoft Visual Studio Solution File, Format Version 12.00
# Visual Studio Version 16
VisualStudioVersion = 16.0.32106.194
MinimumVisualStudioVersion = 10.0.40219.1
Project("{FAE04EC0-301F-11D3-BF4B-00C04F79EFBC}") = "ApiDepartamentosCrud2022", "ApiDepartamentosCrud2022\ApiDepartamentosCrud2022.csproj", "{89971A90-2467-4D44-B764-39CF7959DB45}"
EndProject
Global
	GlobalSection(SolutionConfigurationPlatforms) = preSolution
		Debug|Any CPU = Debug|Any CPU
		Release|Any CPU = Release|Any CPU
	EndGlobalSection
	GlobalSection(ProjectConfigurationPlatforms) = postSolution
		{89971A90-2467-4D44-B764-39CF7959DB45}.Debug|Any CPU.ActiveCfg = Debug|Any CPU
		{89971A90-2467-4D44-B764-39CF7959DB45}.Debug|Any CPU.Build.0 = Debug|Any CPU
		{89971A90-2467-4D44-B764-39CF7959DB45}.Release|Any CPU.ActiveCfg = Release|Any CPU
		{89971A90-2467-4D44-B764-39CF7959DB45}.Release|Any CPU.Build.0 = Release|Any CPU
	EndGlobalSection
	GlobalSection(SolutionProperties) = preSolution
		HideSolutionNode = FALSE
	EndGlobalSection
	GlobalSection(ExtensibilityGlobals) = postSolution
		SolutionGuid = {BA08E44E-F38D-476B-9350-10E980225E30}
	EndGlobalSection
EndGlobal
